// !$*UTF8*$!
{
	archiveVersion = 1;
	classes = {
	};
	objectVersion = 46;
	objects = {

/* Begin PBXBuildFile section */
		4912BF771CCCC71100F08E73 /* main.m in Sources */ = {isa = PBXBuildFile; fileRef = 4912BF761CCCC71100F08E73 /* main.m */; };
		4912BF7A1CCCC71100F08E73 /* AppDelegate.m in Sources */ = {isa = PBXBuildFile; fileRef = 4912BF791CCCC71100F08E73 /* AppDelegate.m */; };
		4912BF7D1CCCC71100F08E73 /* ViewController.m in Sources */ = {isa = PBXBuildFile; fileRef = 4912BF7C1CCCC71100F08E73 /* ViewController.m */; };
		4912BF821CCCC71100F08E73 /* Assets.xcassets in Resources */ = {isa = PBXBuildFile; fileRef = 4912BF811CCCC71100F08E73 /* Assets.xcassets */; };
		4912BF851CCCC71100F08E73 /* LaunchScreen.storyboard in Resources */ = {isa = PBXBuildFile; fileRef = 4912BF831CCCC71100F08E73 /* LaunchScreen.storyboard */; };
		4912BF901CCCC71100F08E73 /* CustomCollectionLayoutTests.m in Sources */ = {isa = PBXBuildFile; fileRef = 4912BF8F1CCCC71100F08E73 /* CustomCollectionLayoutTests.m */; };
		4912BF9B1CCCC71100F08E73 /* CustomCollectionLayoutUITests.m in Sources */ = {isa = PBXBuildFile; fileRef = 4912BF9A1CCCC71100F08E73 /* CustomCollectionLayoutUITests.m */; };
		4912BFAA1CCCC72A00F08E73 /* CustomLayout.m in Sources */ = {isa = PBXBuildFile; fileRef = 4912BFA91CCCC72A00F08E73 /* CustomLayout.m */; };
		495AF59C1CCDC67100C6BDAF /* HeaderView.m in Sources */ = {isa = PBXBuildFile; fileRef = 495AF59B1CCDC67100C6BDAF /* HeaderView.m */; };
		495AF59F1CCDC70600C6BDAF /* ViewDataSource.m in Sources */ = {isa = PBXBuildFile; fileRef = 495AF59E1CCDC70600C6BDAF /* ViewDataSource.m */; };
		495AF5A41CCDC73E00C6BDAF /* SampleCalendarEvent.m in Sources */ = {isa = PBXBuildFile; fileRef = 495AF5A31CCDC73E00C6BDAF /* SampleCalendarEvent.m */; };
		495AF5A81CCDC78900C6BDAF /* CalendarEventCell.m in Sources */ = {isa = PBXBuildFile; fileRef = 495AF5A71CCDC78900C6BDAF /* CalendarEventCell.m */; };
		495AF5AB1CCDF97300C6BDAF /* iPadStoryboard.storyboard in Resources */ = {isa = PBXBuildFile; fileRef = 495AF5AA1CCDF97300C6BDAF /* iPadStoryboard.storyboard */; };
/* End PBXBuildFile section */

/* Begin PBXContainerItemProxy section */
		4912BF8C1CCCC71100F08E73 /* PBXContainerItemProxy */ = {
			isa = PBXContainerItemProxy;
			containerPortal = 4912BF6A1CCCC71100F08E73 /* Project object */;
			proxyType = 1;
			remoteGlobalIDString = 4912BF711CCCC71100F08E73;
			remoteInfo = CustomCollectionLayout;
		};
		4912BF971CCCC71100F08E73 /* PBXContainerItemProxy */ = {
			isa = PBXContainerItemProxy;
			containerPortal = 4912BF6A1CCCC71100F08E73 /* Project object */;
			proxyType = 1;
			remoteGlobalIDString = 4912BF711CCCC71100F08E73;
			remoteInfo = CustomCollectionLayout;
		};
/* End PBXContainerItemProxy section */

/* Begin PBXFileReference section */
		4912BF721CCCC71100F08E73 /* CustomCollectionLayout.app */ = {isa = PBXFileReference; explicitFileType = wrapper.application; includeInIndex = 0; path = CustomCollectionLayout.app; sourceTree = BUILT_PRODUCTS_DIR; };
		4912BF761CCCC71100F08E73 /* main.m */ = {isa = PBXFileReference; lastKnownFileType = sourcecode.c.objc; path = main.m; sourceTree = "<group>"; };
		4912BF781CCCC71100F08E73 /* AppDelegate.h */ = {isa = PBXFileReference; lastKnownFileType = sourcecode.c.h; path = AppDelegate.h; sourceTree = "<group>"; };
		4912BF791CCCC71100F08E73 /* AppDelegate.m */ = {isa = PBXFileReference; lastKnownFileType = sourcecode.c.objc; path = AppDelegate.m; sourceTree = "<group>"; };
		4912BF7B1CCCC71100F08E73 /* ViewController.h */ = {isa = PBXFileReference; lastKnownFileType = sourcecode.c.h; path = ViewController.h; sourceTree = "<group>"; };
		4912BF7C1CCCC71100F08E73 /* ViewController.m */ = {isa = PBXFileReference; lastKnownFileType = sourcecode.c.objc; path = ViewController.m; sourceTree = "<group>"; };
		4912BF811CCCC71100F08E73 /* Assets.xcassets */ = {isa = PBXFileReference; lastKnownFileType = folder.assetcatalog; path = Assets.xcassets; sourceTree = "<group>"; };
		4912BF841CCCC71100F08E73 /* Base */ = {isa = PBXFileReference; lastKnownFileType = file.storyboard; name = Base; path = Base.lproj/LaunchScreen.storyboard; sourceTree = "<group>"; };
		4912BF861CCCC71100F08E73 /* Info.plist */ = {isa = PBXFileReference; lastKnownFileType = text.plist.xml; path = Info.plist; sourceTree = "<group>"; };
		4912BF8B1CCCC71100F08E73 /* CustomCollectionLayoutTests.xctest */ = {isa = PBXFileReference; explicitFileType = wrapper.cfbundle; includeInIndex = 0; path = CustomCollectionLayoutTests.xctest; sourceTree = BUILT_PRODUCTS_DIR; };
		4912BF8F1CCCC71100F08E73 /* CustomCollectionLayoutTests.m */ = {isa = PBXFileReference; lastKnownFileType = sourcecode.c.objc; path = CustomCollectionLayoutTests.m; sourceTree = "<group>"; };
		4912BF911CCCC71100F08E73 /* Info.plist */ = {isa = PBXFileReference; lastKnownFileType = text.plist.xml; path = Info.plist; sourceTree = "<group>"; };
		4912BF961CCCC71100F08E73 /* CustomCollectionLayoutUITests.xctest */ = {isa = PBXFileReference; explicitFileType = wrapper.cfbundle; includeInIndex = 0; path = CustomCollectionLayoutUITests.xctest; sourceTree = BUILT_PRODUCTS_DIR; };
		4912BF9A1CCCC71100F08E73 /* CustomCollectionLayoutUITests.m */ = {isa = PBXFileReference; lastKnownFileType = sourcecode.c.objc; path = CustomCollectionLayoutUITests.m; sourceTree = "<group>"; };
		4912BF9C1CCCC71100F08E73 /* Info.plist */ = {isa = PBXFileReference; lastKnownFileType = text.plist.xml; path = Info.plist; sourceTree = "<group>"; };
		4912BFA81CCCC72A00F08E73 /* CustomLayout.h */ = {isa = PBXFileReference; fileEncoding = 4; lastKnownFileType = sourcecode.c.h; path = CustomLayout.h; sourceTree = "<group>"; };
		4912BFA91CCCC72A00F08E73 /* CustomLayout.m */ = {isa = PBXFileReference; fileEncoding = 4; lastKnownFileType = sourcecode.c.objc; path = CustomLayout.m; sourceTree = "<group>"; };
		495AF59A1CCDC67100C6BDAF /* HeaderView.h */ = {isa = PBXFileReference; fileEncoding = 4; lastKnownFileType = sourcecode.c.h; path = HeaderView.h; sourceTree = "<group>"; };
		495AF59B1CCDC67100C6BDAF /* HeaderView.m */ = {isa = PBXFileReference; fileEncoding = 4; lastKnownFileType = sourcecode.c.objc; path = HeaderView.m; sourceTree = "<group>"; };
		495AF59D1CCDC70600C6BDAF /* ViewDataSource.h */ = {isa = PBXFileReference; fileEncoding = 4; lastKnownFileType = sourcecode.c.h; path = ViewDataSource.h; sourceTree = "<group>"; };
		495AF59E1CCDC70600C6BDAF /* ViewDataSource.m */ = {isa = PBXFileReference; fileEncoding = 4; lastKnownFileType = sourcecode.c.objc; path = ViewDataSource.m; sourceTree = "<group>"; };
		495AF5A11CCDC73E00C6BDAF /* CalendarEvent.h */ = {isa = PBXFileReference; fileEncoding = 4; lastKnownFileType = sourcecode.c.h; path = CalendarEvent.h; sourceTree = "<group>"; };
		495AF5A21CCDC73E00C6BDAF /* SampleCalendarEvent.h */ = {isa = PBXFileReference; fileEncoding = 4; lastKnownFileType = sourcecode.c.h; path = SampleCalendarEvent.h; sourceTree = "<group>"; };
		495AF5A31CCDC73E00C6BDAF /* SampleCalendarEvent.m */ = {isa = PBXFileReference; fileEncoding = 4; lastKnownFileType = sourcecode.c.objc; path = SampleCalendarEvent.m; sourceTree = "<group>"; };
		495AF5A61CCDC78900C6BDAF /* CalendarEventCell.h */ = {isa = PBXFileReference; fileEncoding = 4; lastKnownFileType = sourcecode.c.h; path = CalendarEventCell.h; sourceTree = "<group>"; };
		495AF5A71CCDC78900C6BDAF /* CalendarEventCell.m */ = {isa = PBXFileReference; fileEncoding = 4; lastKnownFileType = sourcecode.c.objc; path = CalendarEventCell.m; sourceTree = "<group>"; };
		495AF5A91CCDF1DA00C6BDAF /* GlobalConfig.h */ = {isa = PBXFileReference; fileEncoding = 4; lastKnownFileType = sourcecode.c.h; path = GlobalConfig.h; sourceTree = "<group>"; };
		495AF5AA1CCDF97300C6BDAF /* iPadStoryboard.storyboard */ = {isa = PBXFileReference; fileEncoding = 4; lastKnownFileType = file.storyboard; path = iPadStoryboard.storyboard; sourceTree = "<group>"; };
/* End PBXFileReference section */

/* Begin PBXFrameworksBuildPhase section */
		4912BF6F1CCCC71100F08E73 /* Frameworks */ = {
			isa = PBXFrameworksBuildPhase;
			buildActionMask = 2147483647;
			files = (
			);
			runOnlyForDeploymentPostprocessing = 0;
		};
		4912BF881CCCC71100F08E73 /* Frameworks */ = {
			isa = PBXFrameworksBuildPhase;
			buildActionMask = 2147483647;
			files = (
			);
			runOnlyForDeploymentPostprocessing = 0;
		};
		4912BF931CCCC71100F08E73 /* Frameworks */ = {
			isa = PBXFrameworksBuildPhase;
			buildActionMask = 2147483647;
			files = (
			);
			runOnlyForDeploymentPostprocessing = 0;
		};
/* End PBXFrameworksBuildPhase section */

/* Begin PBXGroup section */
		4912BF691CCCC71100F08E73 = {
			isa = PBXGroup;
			children = (
				4912BF741CCCC71100F08E73 /* CustomCollectionLayout */,
				4912BF8E1CCCC71100F08E73 /* CustomCollectionLayoutTests */,
				4912BF991CCCC71100F08E73 /* CustomCollectionLayoutUITests */,
				4912BF731CCCC71100F08E73 /* Products */,
			);
			sourceTree = "<group>";
		};
		4912BF731CCCC71100F08E73 /* Products */ = {
			isa = PBXGroup;
			children = (
				4912BF721CCCC71100F08E73 /* CustomCollectionLayout.app */,
				4912BF8B1CCCC71100F08E73 /* CustomCollectionLayoutTests.xctest */,
				4912BF961CCCC71100F08E73 /* CustomCollectionLayoutUITests.xctest */,
			);
			name = Products;
			sourceTree = "<group>";
		};
		4912BF741CCCC71100F08E73 /* CustomCollectionLayout */ = {
			isa = PBXGroup;
			children = (
				495AF5A51CCDC76D00C6BDAF /* View */,
				495AF5A01CCDC72E00C6BDAF /* Model */,
				4912BF781CCCC71100F08E73 /* AppDelegate.h */,
				4912BF791CCCC71100F08E73 /* AppDelegate.m */,
				4912BF7B1CCCC71100F08E73 /* ViewController.h */,
				4912BF7C1CCCC71100F08E73 /* ViewController.m */,
				4912BF811CCCC71100F08E73 /* Assets.xcassets */,
				4912BF831CCCC71100F08E73 /* LaunchScreen.storyboard */,
				4912BF861CCCC71100F08E73 /* Info.plist */,
				4912BF751CCCC71100F08E73 /* Supporting Files */,
				495AF59A1CCDC67100C6BDAF /* HeaderView.h */,
				495AF59B1CCDC67100C6BDAF /* HeaderView.m */,
				495AF59D1CCDC70600C6BDAF /* ViewDataSource.h */,
				495AF59E1CCDC70600C6BDAF /* ViewDataSource.m */,
				495AF5A91CCDF1DA00C6BDAF /* GlobalConfig.h */,
				495AF5AA1CCDF97300C6BDAF /* iPadStoryboard.storyboard */,
			);
			path = CustomCollectionLayout;
			sourceTree = "<group>";
		};
		4912BF751CCCC71100F08E73 /* Supporting Files */ = {
			isa = PBXGroup;
			children = (
				4912BF761CCCC71100F08E73 /* main.m */,
			);
			name = "Supporting Files";
			sourceTree = "<group>";
		};
		4912BF8E1CCCC71100F08E73 /* CustomCollectionLayoutTests */ = {
			isa = PBXGroup;
			children = (
				4912BF8F1CCCC71100F08E73 /* CustomCollectionLayoutTests.m */,
				4912BF911CCCC71100F08E73 /* Info.plist */,
			);
			path = CustomCollectionLayoutTests;
			sourceTree = "<group>";
		};
		4912BF991CCCC71100F08E73 /* CustomCollectionLayoutUITests */ = {
			isa = PBXGroup;
			children = (
				4912BF9A1CCCC71100F08E73 /* CustomCollectionLayoutUITests.m */,
				4912BF9C1CCCC71100F08E73 /* Info.plist */,
			);
			path = CustomCollectionLayoutUITests;
			sourceTree = "<group>";
		};
		495AF5A01CCDC72E00C6BDAF /* Model */ = {
			isa = PBXGroup;
			children = (
				495AF5A11CCDC73E00C6BDAF /* CalendarEvent.h */,
				495AF5A21CCDC73E00C6BDAF /* SampleCalendarEvent.h */,
				495AF5A31CCDC73E00C6BDAF /* SampleCalendarEvent.m */,
			);
			name = Model;
			sourceTree = "<group>";
		};
		495AF5A51CCDC76D00C6BDAF /* View */ = {
			isa = PBXGroup;
			children = (
				4912BFA81CCCC72A00F08E73 /* CustomLayout.h */,
				4912BFA91CCCC72A00F08E73 /* CustomLayout.m */,
				495AF5A61CCDC78900C6BDAF /* CalendarEventCell.h */,
				495AF5A71CCDC78900C6BDAF /* CalendarEventCell.m */,
			);
			name = View;
			sourceTree = "<group>";
		};
/* End PBXGroup section */

/* Begin PBXNativeTarget section */
		4912BF711CCCC71100F08E73 /* CustomCollectionLayout */ = {
			isa = PBXNativeTarget;
			buildConfigurationList = 4912BF9F1CCCC71100F08E73 /* Build configuration list for PBXNativeTarget "CustomCollectionLayout" */;
			buildPhases = (
				4912BF6E1CCCC71100F08E73 /* Sources */,
				4912BF6F1CCCC71100F08E73 /* Frameworks */,
				4912BF701CCCC71100F08E73 /* Resources */,
			);
			buildRules = (
			);
			dependencies = (
			);
			name = CustomCollectionLayout;
			productName = CustomCollectionLayout;
			productReference = 4912BF721CCCC71100F08E73 /* CustomCollectionLayout.app */;
			productType = "com.apple.product-type.application";
		};
		4912BF8A1CCCC71100F08E73 /* CustomCollectionLayoutTests */ = {
			isa = PBXNativeTarget;
			buildConfigurationList = 4912BFA21CCCC71100F08E73 /* Build configuration list for PBXNativeTarget "CustomCollectionLayoutTests" */;
			buildPhases = (
				4912BF871CCCC71100F08E73 /* Sources */,
				4912BF881CCCC71100F08E73 /* Frameworks */,
				4912BF891CCCC71100F08E73 /* Resources */,
			);
			buildRules = (
			);
			dependencies = (
				4912BF8D1CCCC71100F08E73 /* PBXTargetDependency */,
			);
			name = CustomCollectionLayoutTests;
			productName = CustomCollectionLayoutTests;
			productReference = 4912BF8B1CCCC71100F08E73 /* CustomCollectionLayoutTests.xctest */;
			productType = "com.apple.product-type.bundle.unit-test";
		};
		4912BF951CCCC71100F08E73 /* CustomCollectionLayoutUITests */ = {
			isa = PBXNativeTarget;
			buildConfigurationList = 4912BFA51CCCC71100F08E73 /* Build configuration list for PBXNativeTarget "CustomCollectionLayoutUITests" */;
			buildPhases = (
				4912BF921CCCC71100F08E73 /* Sources */,
				4912BF931CCCC71100F08E73 /* Frameworks */,
				4912BF941CCCC71100F08E73 /* Resources */,
			);
			buildRules = (
			);
			dependencies = (
				4912BF981CCCC71100F08E73 /* PBXTargetDependency */,
			);
			name = CustomCollectionLayoutUITests;
			productName = CustomCollectionLayoutUITests;
			productReference = 4912BF961CCCC71100F08E73 /* CustomCollectionLayoutUITests.xctest */;
			productType = "com.apple.product-type.bundle.ui-testing";
		};
/* End PBXNativeTarget section */

/* Begin PBXProject section */
		4912BF6A1CCCC71100F08E73 /* Project object */ = {
			isa = PBXProject;
			attributes = {
				LastUpgradeCheck = 0730;
				ORGANIZATIONNAME = Andrew;
				TargetAttributes = {
					4912BF711CCCC71100F08E73 = {
						CreatedOnToolsVersion = 7.3;
					};
					4912BF8A1CCCC71100F08E73 = {
						CreatedOnToolsVersion = 7.3;
						TestTargetID = 4912BF711CCCC71100F08E73;
					};
					4912BF951CCCC71100F08E73 = {
						CreatedOnToolsVersion = 7.3;
						TestTargetID = 4912BF711CCCC71100F08E73;
					};
				};
			};
			buildConfigurationList = 4912BF6D1CCCC71100F08E73 /* Build configuration list for PBXProject "CustomCollectionLayout" */;
			compatibilityVersion = "Xcode 3.2";
			developmentRegion = English;
			hasScannedForEncodings = 0;
			knownRegions = (
				en,
				Base,
			);
			mainGroup = 4912BF691CCCC71100F08E73;
			productRefGroup = 4912BF731CCCC71100F08E73 /* Products */;
			projectDirPath = "";
			projectRoot = "";
			targets = (
				4912BF711CCCC71100F08E73 /* CustomCollectionLayout */,
				4912BF8A1CCCC71100F08E73 /* CustomCollectionLayoutTests */,
				4912BF951CCCC71100F08E73 /* CustomCollectionLayoutUITests */,
			);
		};
/* End PBXProject section */

/* Begin PBXResourcesBuildPhase section */
		4912BF701CCCC71100F08E73 /* Resources */ = {
			isa = PBXResourcesBuildPhase;
			buildActionMask = 2147483647;
			files = (
				4912BF851CCCC71100F08E73 /* LaunchScreen.storyboard in Resources */,
				4912BF821CCCC71100F08E73 /* Assets.xcassets in Resources */,
				495AF5AB1CCDF97300C6BDAF /* iPadStoryboard.storyboard in Resources */,
			);
			runOnlyForDeploymentPostprocessing = 0;
		};
		4912BF891CCCC71100F08E73 /* Resources */ = {
			isa = PBXResourcesBuildPhase;
			buildActionMask = 2147483647;
			files = (
			);
			runOnlyForDeploymentPostprocessing = 0;
		};
		4912BF941CCCC71100F08E73 /* Resources */ = {
			isa = PBXResourcesBuildPhase;
			buildActionMask = 2147483647;
			files = (
			);
			runOnlyForDeploymentPostprocessing = 0;
		};
/* End PBXResourcesBuildPhase section */

/* Begin PBXSourcesBuildPhase section */
		4912BF6E1CCCC71100F08E73 /* Sources */ = {
			isa = PBXSourcesBuildPhase;
			buildActionMask = 2147483647;
			files = (
				4912BF7D1CCCC71100F08E73 /* ViewController.m in Sources */,
				495AF5A41CCDC73E00C6BDAF /* SampleCalendarEvent.m in Sources */,
				495AF5A81CCDC78900C6BDAF /* CalendarEventCell.m in Sources */,
				495AF59F1CCDC70600C6BDAF /* ViewDataSource.m in Sources */,
				495AF59C1CCDC67100C6BDAF /* HeaderView.m in Sources */,
				4912BF7A1CCCC71100F08E73 /* AppDelegate.m in Sources */,
				4912BFAA1CCCC72A00F08E73 /* CustomLayout.m in Sources */,
				4912BF771CCCC71100F08E73 /* main.m in Sources */,
			);
			runOnlyForDeploymentPostprocessing = 0;
		};
		4912BF871CCCC71100F08E73 /* Sources */ = {
			isa = PBXSourcesBuildPhase;
			buildActionMask = 2147483647;
			files = (
				4912BF901CCCC71100F08E73 /* CustomCollectionLayoutTests.m in Sources */,
			);
			runOnlyForDeploymentPostprocessing = 0;
		};
		4912BF921CCCC71100F08E73 /* Sources */ = {
			isa = PBXSourcesBuildPhase;
			buildActionMask = 2147483647;
			files = (
				4912BF9B1CCCC71100F08E73 /* CustomCollectionLayoutUITests.m in Sources */,
			);
			runOnlyForDeploymentPostprocessing = 0;
		};
/* End PBXSourcesBuildPhase section */

/* Begin PBXTargetDependency section */
		4912BF8D1CCCC71100F08E73 /* PBXTargetDependency */ = {
			isa = PBXTargetDependency;
			target = 4912BF711CCCC71100F08E73 /* CustomCollectionLayout */;
			targetProxy = 4912BF8C1CCCC71100F08E73 /* PBXContainerItemProxy */;
		};
		4912BF981CCCC71100F08E73 /* PBXTargetDependency */ = {
			isa = PBXTargetDependency;
			target = 4912BF711CCCC71100F08E73 /* CustomCollectionLayout */;
			targetProxy = 4912BF971CCCC71100F08E73 /* PBXContainerItemProxy */;
		};
/* End PBXTargetDependency section */

/* Begin PBXVariantGroup section */
		4912BF831CCCC71100F08E73 /* LaunchScreen.storyboard */ = {
			isa = PBXVariantGroup;
			children = (
				4912BF841CCCC71100F08E73 /* Base */,
			);
			name = LaunchScreen.storyboard;
			sourceTree = "<group>";
		};
/* End PBXVariantGroup section */

/* Begin XCBuildConfiguration section */
		4912BF9D1CCCC71100F08E73 /* Debug */ = {
			isa = XCBuildConfiguration;
			buildSettings = {
				ALWAYS_SEARCH_USER_PATHS = NO;
				CLANG_ANALYZER_NONNULL = YES;
				CLANG_CXX_LANGUAGE_STANDARD = "gnu++0x";
				CLANG_CXX_LIBRARY = "libc++";
				CLANG_ENABLE_MODULES = YES;
				CLANG_ENABLE_OBJC_ARC = YES;
				CLANG_WARN_BOOL_CONVERSION = YES;
				CLANG_WARN_CONSTANT_CONVERSION = YES;
				CLANG_WARN_DIRECT_OBJC_ISA_USAGE = YES_ERROR;
				CLANG_WARN_EMPTY_BODY = YES;
				CLANG_WARN_ENUM_CONVERSION = YES;
				CLANG_WARN_INT_CONVERSION = YES;
				CLANG_WARN_OBJC_ROOT_CLASS = YES_ERROR;
				CLANG_WARN_UNREACHABLE_CODE = YES;
				CLANG_WARN__DUPLICATE_METHOD_MATCH = YES;
				"CODE_SIGN_IDENTITY[sdk=iphoneos*]" = "iPhone Developer";
				COPY_PHASE_STRIP = NO;
				DEBUG_INFORMATION_FORMAT = dwarf;
				ENABLE_STRICT_OBJC_MSGSEND = YES;
				ENABLE_TESTABILITY = YES;
				GCC_C_LANGUAGE_STANDARD = gnu99;
				GCC_DYNAMIC_NO_PIC = NO;
				GCC_NO_COMMON_BLOCKS = YES;
				GCC_OPTIMIZATION_LEVEL = 0;
				GCC_PREPROCESSOR_DEFINITIONS = (
					"DEBUG=1",
					"$(inherited)",
				);
				GCC_WARN_64_TO_32_BIT_CONVERSION = YES;
				GCC_WARN_ABOUT_RETURN_TYPE = YES_ERROR;
				GCC_WARN_UNDECLARED_SELECTOR = YES;
				GCC_WARN_UNINITIALIZED_AUTOS = YES_AGGRESSIVE;
				GCC_WARN_UNUSED_FUNCTION = YES;
				GCC_WARN_UNUSED_VARIABLE = YES;
				IPHONEOS_DEPLOYMENT_TARGET = 9.3;
				MTL_ENABLE_DEBUG_INFO = YES;
				ONLY_ACTIVE_ARCH = YES;
				SDKROOT = iphoneos;
			};
			name = Debug;
		};
		4912BF9E1CCCC71100F08E73 /* Release */ = {
			isa = XCBuildConfiguration;
			buildSettings = {
				ALWAYS_SEARCH_USER_PATHS = NO;
				CLANG_ANALYZER_NONNULL = YES;
				CLANG_CXX_LANGUAGE_STANDARD = "gnu++0x";
				CLANG_CXX_LIBRARY = "libc++";
				CLANG_ENABLE_MODULES = YES;
				CLANG_ENABLE_OBJC_ARC = YES;
				CLANG_WARN_BOOL_CONVERSION = YES;
				CLANG_WARN_CONSTANT_CONVERSION = YES;
				CLANG_WARN_DIRECT_OBJC_ISA_USAGE = YES_ERROR;
				CLANG_WARN_EMPTY_BODY = YES;
				CLANG_WARN_ENUM_CONVERSION = YES;
				CLANG_WARN_INT_CONVERSION = YES;
				CLANG_WARN_OBJC_ROOT_CLASS = YES_ERROR;
				CLANG_WARN_UNREACHABLE_CODE = YES;
				CLANG_WARN__DUPLICATE_METHOD_MATCH = YES;
				"CODE_SIGN_IDENTITY[sdk=iphoneos*]" = "iPhone Developer";
				COPY_PHASE_STRIP = NO;
				DEBUG_INFORMATION_FORMAT = "dwarf-with-dsym";
				ENABLE_NS_ASSERTIONS = NO;
				ENABLE_STRICT_OBJC_MSGSEND = YES;
				GCC_C_LANGUAGE_STANDARD = gnu99;
				GCC_NO_COMMON_BLOCKS = YES;
				GCC_WARN_64_TO_32_BIT_CONVERSION = YES;
				GCC_WARN_ABOUT_RETURN_TYPE = YES_ERROR;
				GCC_WARN_UNDECLARED_SELECTOR = YES;
				GCC_WARN_UNINITIALIZED_AUTOS = YES_AGGRESSIVE;
				GCC_WARN_UNUSED_FUNCTION = YES;
				GCC_WARN_UNUSED_VARIABLE = YES;
				IPHONEOS_DEPLOYMENT_TARGET = 9.3;
				MTL_ENABLE_DEBUG_INFO = NO;
				SDKROOT = iphoneos;
				VALIDATE_PRODUCT = YES;
			};
			name = Release;
		};
		4912BFA01CCCC71100F08E73 /* Debug */ = {
			isa = XCBuildConfiguration;
			buildSettings = {
				ASSETCATALOG_COMPILER_APPICON_NAME = AppIcon;
				INFOPLIST_FILE = CustomCollectionLayout/Info.plist;
				LD_RUNPATH_SEARCH_PATHS = "$(inherited) @executable_path/Frameworks";
				PRODUCT_BUNDLE_IDENTIFIER = tl.CustomCollectionLayout;
				PRODUCT_NAME = "$(TARGET_NAME)";
				TARGETED_DEVICE_FAMILY = 2;
			};
			name = Debug;
		};
		4912BFA11CCCC71100F08E73 /* Release */ = {
			isa = XCBuildConfiguration;
			buildSettings = {
				ASSETCATALOG_COMPILER_APPICON_NAME = AppIcon;
				INFOPLIST_FILE = CustomCollectionLayout/Info.plist;
				LD_RUNPATH_SEARCH_PATHS = "$(inherited) @executable_path/Frameworks";
				PRODUCT_BUNDLE_IDENTIFIER = tl.CustomCollectionLayout;
				PRODUCT_NAME = "$(TARGET_NAME)";
				TARGETED_DEVICE_FAMILY = 2;
			};
			name = Release;
		};
		4912BFA31CCCC71100F08E73 /* Debug */ = {
			isa = XCBuildConfiguration;
			buildSettings = {
				BUNDLE_LOADER = "$(TEST_HOST)";
				INFOPLIST_FILE = CustomCollectionLayoutTests/Info.plist;
				LD_RUNPATH_SEARCH_PATHS = "$(inherited) @executable_path/Frameworks @loader_path/Frameworks";
				PRODUCT_BUNDLE_IDENTIFIER = tl.CustomCollectionLayoutTests;
				PRODUCT_NAME = "$(TARGET_NAME)";
				TEST_HOST = "$(BUILT_PRODUCTS_DIR)/CustomCollectionLayout.app/CustomCollectionLayout";
			};
			name = Debug;
		};
		4912BFA41CCCC71100F08E73 /* Release */ = {
			isa = XCBuildConfiguration;
			buildSettings = {
				BUNDLE_LOADER = "$(TEST_HOST)";
				INFOPLIST_FILE = CustomCollectionLayoutTests/Info.plist;
				LD_RUNPATH_SEARCH_PATHS = "$(inherited) @executable_path/Frameworks @loader_path/Frameworks";
				PRODUCT_BUNDLE_IDENTIFIER = tl.CustomCollectionLayoutTests;
				PRODUCT_NAME = "$(TARGET_NAME)";
				TEST_HOST = "$(BUILT_PRODUCTS_DIR)/CustomCollectionLayout.app/CustomCollectionLayout";
			};
			name = Release;
		};
		4912BFA61CCCC71100F08E73 /* Debug */ = {
			isa = XCBuildConfiguration;
			buildSettings = {
				INFOPLIST_FILE = CustomCollectionLayoutUITests/Info.plist;
				LD_RUNPATH_SEARCH_PATHS = "$(inherited) @executable_path/Frameworks @loader_path/Frameworks";
				PRODUCT_BUNDLE_IDENTIFIER = tl.CustomCollectionLayoutUITests;
				PRODUCT_NAME = "$(TARGET_NAME)";
				TEST_TARGET_NAME = CustomCollectionLayout;
			};
			name = Debug;
		};
		4912BFA71CCCC71100F08E73 /* Release */ = {
			isa = XCBuildConfiguration;
			buildSettings = {
				INFOPLIST_FILE = CustomCollectionLayoutUITests/Info.plist;
				LD_RUNPATH_SEARCH_PATHS = "$(inherited) @executable_path/Frameworks @loader_path/Frameworks";
				PRODUCT_BUNDLE_IDENTIFIER = tl.CustomCollectionLayoutUITests;
				PRODUCT_NAME = "$(TARGET_NAME)";
				TEST_TARGET_NAME = CustomCollectionLayout;
			};
			name = Release;
		};
/* End XCBuildConfiguration section */

/* Begin XCConfigurationList section */
		4912BF6D1CCCC71100F08E73 /* Build configuration list for PBXProject "CustomCollectionLayout" */ = {
			isa = XCConfigurationList;
			buildConfigurations = (
				4912BF9D1CCCC71100F08E73 /* Debug */,
				4912BF9E1CCCC71100F08E73 /* Release */,
			);
			defaultConfigurationIsVisible = 0;
			defaultConfigurationName = Release;
		};
		4912BF9F1CCCC71100F08E73 /* Build configuration list for PBXNativeTarget "CustomCollectionLayout" */ = {
			isa = XCConfigurationList;
			buildConfigurations = (
				4912BFA01CCCC71100F08E73 /* Debug */,
				4912BFA11CCCC71100F08E73 /* Release */,
			);
			defaultConfigurationIsVisible = 0;
			defaultConfigurationName = Release;
		};
		4912BFA21CCCC71100F08E73 /* Build configuration list for PBXNativeTarget "CustomCollectionLayoutTests" */ = {
			isa = XCConfigurationList;
			buildConfigurations = (
				4912BFA31CCCC71100F08E73 /* Debug */,
				4912BFA41CCCC71100F08E73 /* Release */,
			);
			defaultConfigurationIsVisible = 0;
			defaultConfigurationName = Release;
		};
		4912BFA51CCCC71100F08E73 /* Build configuration list for PBXNativeTarget "CustomCollectionLayoutUITests" */ = {
			isa = XCConfigurationList;
			buildConfigurations = (
				4912BFA61CCCC71100F08E73 /* Debug */,
				4912BFA71CCCC71100F08E73 /* Release */,
			);
			defaultConfigurationIsVisible = 0;
			defaultConfigurationName = Release;
		};
/* End XCConfigurationList section */
	};
	rootObject = 4912BF6A1CCCC71100F08E73 /* Project object */;
}
